<?xml version="1.0" encoding="utf-8"?>
<Project ToolsVersion="4.0" xmlns="http://schemas.microsoft.com/developer/msbuild/2003">
  <ItemGroup>
    <Filter Include="win32">
      <UniqueIdentifier>{84a8ebd7-7cf0-47f6-b75e-d441df67da40}</UniqueIdentifier>
    </Filter>
    <Filter Include="resource">
      <UniqueIdentifier>{715254bc-d70b-4ec5-bf29-467dd3ace079}</UniqueIdentifier>
    </Filter>
    <Filter Include="src">
      <UniqueIdentifier>{bb6c862e-70e9-49d9-81b7-3829a6f50471}</UniqueIdentifier>
    </Filter>
    <Filter Include="src\Battle">
      <UniqueIdentifier>{80858417-1ce5-4c81-aa41-69c63a25dbea}</UniqueIdentifier>
    </Filter>
    <Filter Include="src\Interface">
      <UniqueIdentifier>{99b97191-45e6-4cdb-b869-bdab2cd1588d}</UniqueIdentifier>
    </Filter>
    <Filter Include="src\Tools">
      <UniqueIdentifier>{9e66ccba-fe5b-4ee2-a46d-ccebfd449d3f}</UniqueIdentifier>
    </Filter>
    <Filter Include="src\Config">
      <UniqueIdentifier>{778df249-4df4-4104-952c-7e7da2b77faf}</UniqueIdentifier>
    </Filter>
    <Filter Include="src\Data">
      <UniqueIdentifier>{97c95830-067b-436a-9361-c5d16821873f}</UniqueIdentifier>
    </Filter>
    <Filter Include="src\BattleUI">
      <UniqueIdentifier>{a7b7a8e9-3bed-48a6-852b-08adcf2f4a0e}</UniqueIdentifier>
    </Filter>
    <Filter Include="src\Manager">
      <UniqueIdentifier>{718fbae1-9744-475e-97ea-f1700e5d9b3e}</UniqueIdentifier>
    </Filter>
    <Filter Include="src\SpellBulletAndEffect">
      <UniqueIdentifier>{b01715bc-a248-4aeb-9ebb-c296f0f237e2}</UniqueIdentifier>
    </Filter>
    <Filter Include="src\ChoseTowerUi">
      <UniqueIdentifier>{87c033f2-28b7-45f5-8743-34ed797adc54}</UniqueIdentifier>
    </Filter>
  </ItemGroup>
  <ItemGroup>
    <ClCompile Include="main.cpp">
      <Filter>win32</Filter>
    </ClCompile>
    <ClCompile Include="..\Classes\AppDelegate.cpp">
      <Filter>src</Filter>
    </ClCompile>
    <ClCompile Include="..\Classes\HelloWorldScene.cpp">
      <Filter>src</Filter>
    </ClCompile>
    <ClCompile Include="..\Classes\CGlobleConfig.cpp">
      <Filter>src\Tools</Filter>
    </ClCompile>
    <ClCompile Include="..\Classes\ESystemEnum.cpp">
      <Filter>src\Interface</Filter>
    </ClCompile>
    <ClCompile Include="..\Classes\BattleObject.cpp">
      <Filter>src\Battle</Filter>
    </ClCompile>
    <ClCompile Include="..\Classes\Solider.cpp">
      <Filter>src\Battle</Filter>
    </ClCompile>
    <ClCompile Include="..\Classes\Bullet.cpp">
      <Filter>src\Battle</Filter>
    </ClCompile>
    <ClCompile Include="..\Classes\SoliderConfig.cpp">
      <Filter>src\Config</Filter>
    </ClCompile>
    <ClCompile Include="..\Classes\SoliderData.cpp">
      <Filter>src\Data</Filter>
    </ClCompile>
    <ClCompile Include="..\Classes\SkillData.cpp">
      <Filter>src\Data</Filter>
    </ClCompile>
    <ClCompile Include="..\Classes\SkillConfig.cpp">
      <Filter>src\Config</Filter>
    </ClCompile>
    <ClCompile Include="..\Classes\Buff.cpp">
      <Filter>src\Battle</Filter>
    </ClCompile>
    <ClCompile Include="..\Classes\HurtShow.cpp">
      <Filter>src\BattleUI</Filter>
    </ClCompile>
    <ClCompile Include="..\Classes\BaseBoss.cpp">
      <Filter>src\Battle</Filter>
    </ClCompile>
    <ClCompile Include="..\Classes\BuffData.cpp">
      <Filter>src\Data</Filter>
    </ClCompile>
    <ClCompile Include="..\Classes\BattleObjectManager.cpp">
      <Filter>src\Manager</Filter>
    </ClCompile>
    <ClCompile Include="..\Classes\GameSceneControl.cpp">
      <Filter>src\Manager</Filter>
    </ClCompile>
    <ClCompile Include="..\Classes\DiamondChoseManager.cpp">
      <Filter>src\BattleUI</Filter>
    </ClCompile>
    <ClCompile Include="..\Classes\ShuiJingBase.cpp">
      <Filter>src\BattleUI</Filter>
    </ClCompile>
    <ClCompile Include="..\Classes\SoliderDie.cpp">
      <Filter>src\BattleUI</Filter>
    </ClCompile>
    <ClCompile Include="..\Classes\BattleUIManager.cpp">
      <Filter>src\BattleUI</Filter>
    </ClCompile>
    <ClCompile Include="..\Classes\BattleIcon.cpp">
      <Filter>src\BattleUI</Filter>
    </ClCompile>
    <ClCompile Include="..\Classes\AudioManager.cpp">
      <Filter>src\Manager</Filter>
    </ClCompile>
    <ClCompile Include="..\Classes\AttackData.cpp">
      <Filter>src\Data</Filter>
    </ClCompile>
    <ClCompile Include="..\Classes\StrengthData.cpp">
      <Filter>src\Data</Filter>
    </ClCompile>
    <ClCompile Include="..\Classes\AttackConfig.cpp">
      <Filter>src\Config</Filter>
    </ClCompile>
    <ClCompile Include="..\Classes\StrengthConfig.cpp">
      <Filter>src\Config</Filter>
    </ClCompile>
    <ClCompile Include="..\Classes\AttackManager.cpp">
      <Filter>src\Manager</Filter>
    </ClCompile>
    <ClCompile Include="..\Classes\SkillManager.cpp">
      <Filter>src\Manager</Filter>
    </ClCompile>
    <ClCompile Include="..\Classes\LineBullet.cpp">
      <Filter>src\Battle</Filter>
    </ClCompile>
    <ClCompile Include="..\Classes\LinkBullet.cpp">
      <Filter>src\Battle</Filter>
    </ClCompile>
    <ClCompile Include="..\Classes\SustainBullet.cpp">
      <Filter>src\Battle</Filter>
    </ClCompile>
    <ClCompile Include="..\Classes\Shake.cpp">
      <Filter>src\Tools</Filter>
    </ClCompile>
    <ClCompile Include="..\Classes\EnemyLevelConfig.cpp">
      <Filter>src\Config</Filter>
    </ClCompile>
    <ClCompile Include="..\Classes\EnemyLevelData.cpp">
      <Filter>src\Data</Filter>
    </ClCompile>
    <ClCompile Include="..\Classes\SpellConfig.cpp">
      <Filter>src\Config</Filter>
    </ClCompile>
    <ClCompile Include="..\Classes\SpellData.cpp">
      <Filter>src\Data</Filter>
    </ClCompile>
    <ClCompile Include="..\Classes\SpellManager.cpp">
      <Filter>src\Manager</Filter>
    </ClCompile>
    <ClCompile Include="..\Classes\SpellLiuXingManager.cpp">
      <Filter>src\SpellBulletAndEffect</Filter>
    </ClCompile>
    <ClCompile Include="..\Classes\SpellLiuXingBullet.cpp">
      <Filter>src\SpellBulletAndEffect</Filter>
    </ClCompile>
    <ClCompile Include="..\Classes\DuiHuaUIManager.cpp">
      <Filter>src\BattleUI</Filter>
    </ClCompile>
    <ClCompile Include="..\Classes\AudioDelegate.cpp">
      <Filter>src\Tools</Filter>
    </ClCompile>
    <ClCompile Include="..\Classes\TowerItemUI.cpp">
      <Filter>src\ChoseTowerUi</Filter>
    </ClCompile>
    <ClCompile Include="..\Classes\ChoseTowerUIManager.cpp">
      <Filter>src\ChoseTowerUi</Filter>
    </ClCompile>
    <ClCompile Include="..\Classes\VideoSceneManager.cpp">
      <Filter>src\ChoseTowerUi</Filter>
    </ClCompile>
    <ClCompile Include="..\Classes\GameDataManager.cpp">
      <Filter>src\Manager</Filter>
    </ClCompile>
  </ItemGroup>
  <ItemGroup>
    <ClInclude Include="main.h">
      <Filter>win32</Filter>
    </ClInclude>
    <ClInclude Include="..\Classes\AppDelegate.h">
      <Filter>src</Filter>
    </ClInclude>
    <ClInclude Include="..\Classes\HelloWorldScene.h">
      <Filter>src</Filter>
    </ClInclude>
    <ClInclude Include="..\Classes\CGlobleConfig.h">
      <Filter>src\Tools</Filter>
    </ClInclude>
    <ClInclude Include="..\Classes\ESystemEnum.h">
      <Filter>src\Interface</Filter>
    </ClInclude>
    <ClInclude Include="..\Classes\BattleObject.h">
      <Filter>src\Battle</Filter>
    </ClInclude>
    <ClInclude Include="..\Classes\Solider.h">
      <Filter>src\Battle</Filter>
    </ClInclude>
    <ClInclude Include="..\Classes\Bullet.h">
      <Filter>src\Battle</Filter>
    </ClInclude>
    <ClInclude Include="..\Classes\SoliderConfig.h">
      <Filter>src\Config</Filter>
    </ClInclude>
    <ClInclude Include="..\Classes\SoliderData.h">
      <Filter>src\Data</Filter>
    </ClInclude>
    <ClInclude Include="..\Classes\SkillData.h">
      <Filter>src\Data</Filter>
    </ClInclude>
    <ClInclude Include="..\Classes\SkillConfig.h">
      <Filter>src\Config</Filter>
    </ClInclude>
    <ClInclude Include="..\Classes\Buff.h">
      <Filter>src\Battle</Filter>
    </ClInclude>
    <ClInclude Include="..\Classes\HurtShow.h">
      <Filter>src\BattleUI</Filter>
    </ClInclude>
    <ClInclude Include="..\Classes\BaseBoss.h">
      <Filter>src\Battle</Filter>
    </ClInclude>
    <ClInclude Include="..\Classes\BuffData.h">
      <Filter>src\Data</Filter>
    </ClInclude>
    <ClInclude Include="..\Classes\BattleObjectManager.h">
      <Filter>src\Manager</Filter>
    </ClInclude>
    <ClInclude Include="..\Classes\GameSceneControl.h">
      <Filter>src\Manager</Filter>
    </ClInclude>
    <ClInclude Include="..\Classes\DiamondChoseManager.h">
      <Filter>src\BattleUI</Filter>
    </ClInclude>
    <ClInclude Include="..\Classes\ShuiJingBase.h">
      <Filter>src\BattleUI</Filter>
    </ClInclude>
    <ClInclude Include="..\Classes\SoliderDie.h">
      <Filter>src\BattleUI</Filter>
    </ClInclude>
    <ClInclude Include="..\Classes\BattleUIManager.h">
      <Filter>src\BattleUI</Filter>
    </ClInclude>
    <ClInclude Include="..\Classes\BattleIcon.h">
      <Filter>src\BattleUI</Filter>
    </ClInclude>
    <ClInclude Include="..\Classes\AudioManager.h">
      <Filter>src\Manager</Filter>
    </ClInclude>
    <ClInclude Include="..\Classes\AttackData.h">
      <Filter>src\Data</Filter>
    </ClInclude>
    <ClInclude Include="..\Classes\StrengthData.h">
      <Filter>src\Data</Filter>
    </ClInclude>
    <ClInclude Include="..\Classes\AttackConfig.h">
      <Filter>src\Config</Filter>
    </ClInclude>
    <ClInclude Include="..\Classes\StrengthConfig.h">
      <Filter>src\Config</Filter>
    </ClInclude>
    <ClInclude Include="..\Classes\AttackManager.h">
      <Filter>src\Manager</Filter>
    </ClInclude>
    <ClInclude Include="..\Classes\SkillManager.h">
      <Filter>src\Manager</Filter>
    </ClInclude>
    <ClInclude Include="..\Classes\LineBullet.h">
      <Filter>src\Battle</Filter>
    </ClInclude>
    <ClInclude Include="..\Classes\LinkBullet.h">
      <Filter>src\Battle</Filter>
    </ClInclude>
    <ClInclude Include="..\Classes\SustainBullet.h">
      <Filter>src\Battle</Filter>
    </ClInclude>
    <ClInclude Include="..\Classes\Shake.h">
      <Filter>src\Tools</Filter>
    </ClInclude>
    <ClInclude Include="..\Classes\EnemyLevelConfig.h">
      <Filter>src\Config</Filter>
    </ClInclude>
    <ClInclude Include="..\Classes\EnemyLevelData.h">
      <Filter>src\Data</Filter>
    </ClInclude>
    <ClInclude Include="..\Classes\SpellConfig.h">
      <Filter>src\Config</Filter>
    </ClInclude>
    <ClInclude Include="..\Classes\SpellData.h">
      <Filter>src\Data</Filter>
    </ClInclude>
    <ClInclude Include="..\Classes\SpellManager.h">
      <Filter>src\Manager</Filter>
    </ClInclude>
    <ClInclude Include="..\Classes\SpellLiuXingManager.h">
      <Filter>src\SpellBulletAndEffect</Filter>
    </ClInclude>
    <ClInclude Include="..\Classes\SpellLiuXingBullet.h">
      <Filter>src\SpellBulletAndEffect</Filter>
    </ClInclude>
    <ClInclude Include="..\Classes\DuiHuaUIManager.h">
      <Filter>src\BattleUI</Filter>
    </ClInclude>
    <ClInclude Include="..\Classes\AudioDelegate.h">
      <Filter>src\Tools</Filter>
    </ClInclude>
    <ClInclude Include="..\Classes\TowerItemUI.h">
      <Filter>src\ChoseTowerUi</Filter>
    </ClInclude>
    <ClInclude Include="..\Classes\ChoseTowerUIManager.h">
      <Filter>src\ChoseTowerUi</Filter>
    </ClInclude>
    <ClInclude Include="..\Classes\VideoSceneManager.h">
      <Filter>src\ChoseTowerUi</Filter>
    </ClInclude>
    <ClInclude Include="..\Classes\GameDataManager.h">
      <Filter>src\Manager</Filter>
    </ClInclude>
  </ItemGroup>
  <ItemGroup>
    <ResourceCompile Include="game.rc">
      <Filter>resource</Filter>
    </ResourceCompile>
  </ItemGroup>
</Project>